<?xml version="1.0" encoding="utf-8"?>
<Project ToolsVersion="4.0" xmlns="http://schemas.microsoft.com/developer/msbuild/2003">
  <ItemGroup>
    <Filter Include="Source Files">
      <UniqueIdentifier>{4FC737F1-C7A5-4376-A066-2A32D752A2FF}</UniqueIdentifier>
      <Extensions>cpp;c;cc;cxx;c++;cppm;ixx;def;odl;idl;hpj;bat;asm;asmx</Extensions>
    </Filter>
    <Filter Include="Header Files">
      <UniqueIdentifier>{93995380-89BD-4b04-88EB-625FBE52EBFB}</UniqueIdentifier>
      <Extensions>h;hh;hpp;hxx;h++;hm;inl;inc;ipp;xsd</Extensions>
    </Filter>
    <Filter Include="Resource Files">
      <UniqueIdentifier>{67DA6AB6-F800-4c08-8B7A-83BB121AAD01}</UniqueIdentifier>
      <Extensions>rc;ico;cur;bmp;dlg;rc2;rct;bin;rgs;gif;jpg;jpeg;jpe;resx;tiff;tif;png;wav;mfcribbon-ms</Extensions>
    </Filter>
  </ItemGroup>
  <ItemGroup>
    <ClCompile Include="MaterialBakerSystem.cpp">
      <Filter>Source Files</Filter>
    </ClCompile>
    <ClCompile Include="..\External\VulkanMemoryAllocator\src\VmaUsage.cpp">
      <Filter>Source Files</Filter>
    </ClCompile>
    <ClCompile Include="TextureBakerSystem.cpp">
      <Filter>Source Files</Filter>
    </ClCompile>
    <ClCompile Include="..\External\SPIRV-Reflect\spirv_reflect.cpp">
      <Filter>Header Files</Filter>
    </ClCompile>
    <ClCompile Include="..\External\bc7enc_rdo1\rgbcx.cpp">
      <Filter>Header Files</Filter>
    </ClCompile>
    <ClCompile Include="..\External\bc7enc_rdo\bc7enc.cpp">
      <Filter>Header Files</Filter>
    </ClCompile>
    <ClCompile Include="..\External\stb\stb_vorbis.c">
      <Filter>Header Files</Filter>
    </ClCompile>
    <ClCompile Include="..\External\LodePNG\lodepng.cpp">
      <Filter>Header Files</Filter>
    </ClCompile>
    <ClCompile Include="..\External\LodePNG\lodepng_fuzzer.cpp">
      <Filter>Header Files</Filter>
    </ClCompile>
    <ClCompile Include="..\External\LodePNG\lodepng_unittest.cpp">
      <Filter>Header Files</Filter>
    </ClCompile>
    <ClCompile Include="..\External\LodePNG\lodepng_util.cpp">
      <Filter>Header Files</Filter>
    </ClCompile>
    <ClCompile Include="TextureSamplers.cpp">
      <Filter>Source Files</Filter>
    </ClCompile>
  </ItemGroup>
  <ItemGroup>
    <ClInclude Include="MaterialBakerSystem.h">
      <Filter>Header Files</Filter>
    </ClInclude>
    <ClInclude Include="..\External\VulkanMemoryAllocator\src\VmaUsage.h">
      <Filter>Source Files</Filter>
    </ClInclude>
    <ClInclude Include="..\..\..\..\..\..\Program Files\NVIDIA Corporation\NVIDIA Texture Tools\include\nvtt\nvtt.h">
      <Filter>Header Files</Filter>
    </ClInclude>
    <ClInclude Include="TextureBakerSystem.h">
      <Filter>Header Files</Filter>
    </ClInclude>
    <ClInclude Include="..\External\SPIRV-Reflect\spirv_reflect.h">
      <Filter>Header Files</Filter>
    </ClInclude>
    <ClInclude Include="..\External\bc7enc_rdo1\rgbcx.h">
      <Filter>Header Files</Filter>
    </ClInclude>
    <ClInclude Include="..\External\bc7enc_rdo\bc7enc.h">
      <Filter>Header Files</Filter>
    </ClInclude>
    <ClInclude Include="..\External\ktx\include\ktx.h">
      <Filter>Header Files</Filter>
    </ClInclude>
    <ClInclude Include="..\External\ktx\include\ktxvulkan.h">
      <Filter>Header Files</Filter>
    </ClInclude>
    <ClInclude Include="..\External\stb\stb_image_write.h">
      <Filter>Header Files</Filter>
    </ClInclude>
    <ClInclude Include="..\External\stb\stb_c_lexer.h">
      <Filter>Header Files</Filter>
    </ClInclude>
    <ClInclude Include="..\External\stb\stb_connected_components.h">
      <Filter>Header Files</Filter>
    </ClInclude>
    <ClInclude Include="..\External\stb\stb_divide.h">
      <Filter>Header Files</Filter>
    </ClInclude>
    <ClInclude Include="..\External\stb\stb_ds.h">
      <Filter>Header Files</Filter>
    </ClInclude>
    <ClInclude Include="..\External\stb\stb_dxt.h">
      <Filter>Header Files</Filter>
    </ClInclude>
    <ClInclude Include="..\External\stb\stb_easy_font.h">
      <Filter>Header Files</Filter>
    </ClInclude>
    <ClInclude Include="..\External\stb\stb_herringbone_wang_tile.h">
      <Filter>Header Files</Filter>
    </ClInclude>
    <ClInclude Include="..\External\stb\stb_hexwave.h">
      <Filter>Header Files</Filter>
    </ClInclude>
    <ClInclude Include="..\External\stb\stb_image.h">
      <Filter>Header Files</Filter>
    </ClInclude>
    <ClInclude Include="..\External\stb\stb_image_resize2.h">
      <Filter>Header Files</Filter>
    </ClInclude>
    <ClInclude Include="..\External\stb\stb_include.h">
      <Filter>Header Files</Filter>
    </ClInclude>
    <ClInclude Include="..\External\stb\stb_leakcheck.h">
      <Filter>Header Files</Filter>
    </ClInclude>
    <ClInclude Include="..\External\stb\stb_perlin.h">
      <Filter>Header Files</Filter>
    </ClInclude>
    <ClInclude Include="..\External\stb\stb_rect_pack.h">
      <Filter>Header Files</Filter>
    </ClInclude>
    <ClInclude Include="..\External\stb\stb_sprintf.h">
      <Filter>Header Files</Filter>
    </ClInclude>
    <ClInclude Include="..\External\stb\stb_textedit.h">
      <Filter>Header Files</Filter>
    </ClInclude>
    <ClInclude Include="..\External\stb\stb_tilemap_editor.h">
      <Filter>Header Files</Filter>
    </ClInclude>
    <ClInclude Include="..\External\stb\stb_truetype.h">
      <Filter>Header Files</Filter>
    </ClInclude>
    <ClInclude Include="..\External\stb\stb_voxel_render.h">
      <Filter>Header Files</Filter>
    </ClInclude>
    <ClInclude Include="..\External\LodePNG\lodepng.h">
      <Filter>Header Files</Filter>
    </ClInclude>
    <ClInclude Include="..\External\LodePNG\lodepng_util.h">
      <Filter>Header Files</Filter>
    </ClInclude>
    <ClInclude Include="TextureSamplers.h">
      <Filter>Header Files</Filter>
    </ClInclude>
  </ItemGroup>
</Project>